
Microsoft Visual Studio Solution File, Format Version 12.00
# Visual Studio 15
VisualStudioVersion = 15.0.28307.902
MinimumVisualStudioVersion = 10.0.40219.1
Project("{00D1A9C2-B5F0-4AF3-8072-F6C62B433612}") = "DatabaseProject", "DatabaseProject\DatabaseProject.sqlproj", "{2A39C044-1186-4E55-A43C-CAB8A0D83652}"
EndProject
Global
	GlobalSection(SolutionConfigurationPlatforms) = preSolution
		Debug|Any CPU = Debug|Any CPU
		Release|Any CPU = Release|Any CPU
	EndGlobalSection
	GlobalSection(ProjectConfigurationPlatforms) = postSolution
		{2A39C044-1186-4E55-A43C-CAB8A0D83652}.Debug|Any CPU.ActiveCfg = Debug|Any CPU
		{2A39C044-1186-4E55-A43C-CAB8A0D83652}.Debug|Any CPU.Build.0 = Debug|Any CPU
		{2A39C044-1186-4E55-A43C-CAB8A0D83652}.Debug|Any CPU.Deploy.0 = Debug|Any CPU
		{2A39C044-1186-4E55-A43C-CAB8A0D83652}.Release|Any CPU.ActiveCfg = Release|Any CPU
		{2A39C044-1186-4E55-A43C-CAB8A0D83652}.Release|Any CPU.Build.0 = Release|Any CPU
		{2A39C044-1186-4E55-A43C-CAB8A0D83652}.Release|Any CPU.Deploy.0 = Release|Any CPU
	EndGlobalSection
	GlobalSection(SolutionProperties) = preSolution
		HideSolutionNode = FALSE
	EndGlobalSection
	GlobalSection(ExtensibilityGlobals) = postSolution
		SolutionGuid = {D03DD543-5CAF-499A-9633-814B5DC780DD}
	EndGlobalSection
EndGlobal
